
Microsoft Visual Studio Solution File, Format Version 12.00
# Visual Studio 15
VisualStudioVersion = 15.0.27703.2026
MinimumVisualStudioVersion = 10.0.40219.1
Project("{FAE04EC0-301F-11D3-BF4B-00C04F79EFBC}") = "OnlineFoodOrderingSystem", "OnlineFoodOrderingSystem.csproj", "{7502CB6E-BD7A-4291-A0AC-CD9A2109E3DB}"
EndProject
Global
	GlobalSection(SolutionConfigurationPlatforms) = preSolution
		Debug|Any CPU = Debug|Any CPU
		Release|Any CPU = Release|Any CPU
	EndGlobalSection
	GlobalSection(ProjectConfigurationPlatforms) = postSolution
		{7502CB6E-BD7A-4291-A0AC-CD9A2109E3DB}.Debug|Any CPU.ActiveCfg = Debug|Any CPU
		{7502CB6E-BD7A-4291-A0AC-CD9A2109E3DB}.Debug|Any CPU.Build.0 = Debug|Any CPU
		{7502CB6E-BD7A-4291-A0AC-CD9A2109E3DB}.Release|Any CPU.ActiveCfg = Release|Any CPU
		{7502CB6E-BD7A-4291-A0AC-CD9A2109E3DB}.Release|Any CPU.Build.0 = Release|Any CPU
	EndGlobalSection
	GlobalSection(SolutionProperties) = preSolution
		HideSolutionNode = FALSE
	EndGlobalSection
	GlobalSection(ExtensibilityGlobals) = postSolution
		SolutionGuid = {B09BA39E-E9F2-422E-B9C1-CD04F0F84CB6}
	EndGlobalSection
EndGlobal
